<?xml version="1.0" encoding="utf-8"?>
<Project ToolsVersion="4.0" xmlns="http://schemas.microsoft.com/developer/msbuild/2003">
  <ItemGroup>
    <Filter Include="Source Files">
      <UniqueIdentifier>{4FC737F1-C7A5-4376-A066-2A32D752A2FF}</UniqueIdentifier>
      <Extensions>cpp;c;cc;cxx;c++;cppm;ixx;def;odl;idl;hpj;bat;asm;asmx</Extensions>
    </Filter>
    <Filter Include="Header Files">
      <UniqueIdentifier>{93995380-89BD-4b04-88EB-625FBE52EBFB}</UniqueIdentifier>
      <Extensions>h;hh;hpp;hxx;h++;hm;inl;inc;ipp;xsd</Extensions>
    </Filter>
    <Filter Include="Resource Files">
      <UniqueIdentifier>{67DA6AB6-F800-4c08-8B7A-83BB121AAD01}</UniqueIdentifier>
      <Extensions>rc;ico;cur;bmp;dlg;rc2;rct;bin;rgs;gif;jpg;jpeg;jpe;resx;tiff;tif;png;wav;mfcribbon-ms</Extensions>
    </Filter>
  </ItemGroup>
  <ItemGroup>
    <ClCompile Include="bomb.cpp">
      <Filter>Source Files</Filter>
    </ClCompile>
    <ClCompile Include="character.cpp">
      <Filter>Source Files</Filter>
    </ClCompile>
    <ClCompile Include="ComplexNumber.cpp">
      <Filter>Source Files</Filter>
    </ClCompile>
    <ClCompile Include="ComplexNumberPacker.cpp">
      <Filter>Source Files</Filter>
    </ClCompile>
    <ClCompile Include="enemy.cpp">
      <Filter>Source Files</Filter>
    </ClCompile>
    <ClCompile Include="enemy_type.cpp">
      <Filter>Source Files</Filter>
    </ClCompile>
    <ClCompile Include="equippable.cpp">
      <Filter>Source Files</Filter>
    </ClCompile>
    <ClCompile Include="game.cpp">
      <Filter>Source Files</Filter>
    </ClCompile>
    <ClCompile Include="geometry.cpp">
      <Filter>Source Files</Filter>
    </ClCompile>
    <ClCompile Include="gui.cpp">
      <Filter>Source Files</Filter>
    </ClCompile>
    <ClCompile Include="healing_potion.cpp">
      <Filter>Source Files</Filter>
    </ClCompile>
    <ClCompile Include="item.cpp">
      <Filter>Source Files</Filter>
    </ClCompile>
    <ClCompile Include="level.cpp">
      <Filter>Source Files</Filter>
    </ClCompile>
    <ClCompile Include="main.cpp">
      <Filter>Source Files</Filter>
    </ClCompile>
    <ClCompile Include="mutable_block.cpp">
      <Filter>Source Files</Filter>
    </ClCompile>
    <ClCompile Include="projectile.cpp">
      <Filter>Source Files</Filter>
    </ClCompile>
    <ClCompile Include="projectile_modifier.cpp">
      <Filter>Source Files</Filter>
    </ClCompile>
    <ClCompile Include="scroll_fire.cpp">
      <Filter>Source Files</Filter>
    </ClCompile>
    <ClCompile Include="scrollable_menu.cpp">
      <Filter>Source Files</Filter>
    </ClCompile>
    <ClCompile Include="spawner.cpp">
      <Filter>Source Files</Filter>
    </ClCompile>
    <ClCompile Include="spell.cpp">
      <Filter>Source Files</Filter>
    </ClCompile>
    <ClCompile Include="spell_factory.cpp">
      <Filter>Source Files</Filter>
    </ClCompile>
    <ClCompile Include="tile.cpp">
      <Filter>Source Files</Filter>
    </ClCompile>
    <ClCompile Include="treasure.cpp">
      <Filter>Source Files</Filter>
    </ClCompile>
  </ItemGroup>
  <ItemGroup>
    <ClInclude Include="bomb.hpp">
      <Filter>Source Files</Filter>
    </ClInclude>
    <ClInclude Include="character.hpp">
      <Filter>Source Files</Filter>
    </ClInclude>
    <ClInclude Include="ComplexNumber.h">
      <Filter>Source Files</Filter>
    </ClInclude>
    <ClInclude Include="ComplexNumberPacker.h">
      <Filter>Source Files</Filter>
    </ClInclude>
    <ClInclude Include="enemy.hpp">
      <Filter>Source Files</Filter>
    </ClInclude>
    <ClInclude Include="enemy_type.hpp">
      <Filter>Source Files</Filter>
    </ClInclude>
    <ClInclude Include="equippable.hpp">
      <Filter>Source Files</Filter>
    </ClInclude>
    <ClInclude Include="game.hpp">
      <Filter>Source Files</Filter>
    </ClInclude>
    <ClInclude Include="geometry.hpp">
      <Filter>Source Files</Filter>
    </ClInclude>
    <ClInclude Include="gui.hpp">
      <Filter>Source Files</Filter>
    </ClInclude>
    <ClInclude Include="healing_potion.hpp">
      <Filter>Source Files</Filter>
    </ClInclude>
    <ClInclude Include="item.hpp">
      <Filter>Source Files</Filter>
    </ClInclude>
    <ClInclude Include="level.hpp">
      <Filter>Source Files</Filter>
    </ClInclude>
    <ClInclude Include="mutable_block.hpp">
      <Filter>Source Files</Filter>
    </ClInclude>
    <ClInclude Include="projectile.hpp">
      <Filter>Source Files</Filter>
    </ClInclude>
    <ClInclude Include="projectile_modifier.hpp">
      <Filter>Source Files</Filter>
    </ClInclude>
    <ClInclude Include="scroll_fire.hpp">
      <Filter>Source Files</Filter>
    </ClInclude>
    <ClInclude Include="scrollable_menu.hpp">
      <Filter>Source Files</Filter>
    </ClInclude>
    <ClInclude Include="spawner.hpp">
      <Filter>Source Files</Filter>
    </ClInclude>
    <ClInclude Include="spell.hpp">
      <Filter>Source Files</Filter>
    </ClInclude>
    <ClInclude Include="spell_factory.hpp">
      <Filter>Source Files</Filter>
    </ClInclude>
    <ClInclude Include="tile.hpp">
      <Filter>Source Files</Filter>
    </ClInclude>
    <ClInclude Include="treasure.hpp">
      <Filter>Source Files</Filter>
    </ClInclude>
  </ItemGroup>
</Project>