
Microsoft Visual Studio Solution File, Format Version 12.00
# Visual Studio Version 17
VisualStudioVersion = 17.6.33723.286
MinimumVisualStudioVersion = 10.0.40219.1
Project("{8BC9CEB8-8B4A-11D0-8D11-00A0C91BC942}") = "ChunkListUnitTest", "ChunkListUnitTest\ChunkListUnitTest.vcxproj", "{21BF7BA3-5895-41F8-90C5-7AFE14A10E4F}"
EndProject
Project("{8BC9CEB8-8B4A-11D0-8D11-00A0C91BC942}") = "ChunkList", "ChunkList\ChunkList.vcxproj", "{A6C2B3DA-8273-46D0-8F1E-4810DE1953B9}"
EndProject
Global
	GlobalSection(SolutionConfigurationPlatforms) = preSolution
		Debug|x64 = Debug|x64
		Debug|x86 = Debug|x86
		Release|x64 = Release|x64
		Release|x86 = Release|x86
	EndGlobalSection
	GlobalSection(ProjectConfigurationPlatforms) = postSolution
		{21BF7BA3-5895-41F8-90C5-7AFE14A10E4F}.Debug|x64.ActiveCfg = Debug|x64
		{21BF7BA3-5895-41F8-90C5-7AFE14A10E4F}.Debug|x64.Build.0 = Debug|x64
		{21BF7BA3-5895-41F8-90C5-7AFE14A10E4F}.Debug|x86.ActiveCfg = Debug|Win32
		{21BF7BA3-5895-41F8-90C5-7AFE14A10E4F}.Debug|x86.Build.0 = Debug|Win32
		{21BF7BA3-5895-41F8-90C5-7AFE14A10E4F}.Release|x64.ActiveCfg = Release|x64
		{21BF7BA3-5895-41F8-90C5-7AFE14A10E4F}.Release|x64.Build.0 = Release|x64
		{21BF7BA3-5895-41F8-90C5-7AFE14A10E4F}.Release|x86.ActiveCfg = Release|Win32
		{21BF7BA3-5895-41F8-90C5-7AFE14A10E4F}.Release|x86.Build.0 = Release|Win32
		{A6C2B3DA-8273-46D0-8F1E-4810DE1953B9}.Debug|x64.ActiveCfg = Debug|x64
		{A6C2B3DA-8273-46D0-8F1E-4810DE1953B9}.Debug|x64.Build.0 = Debug|x64
		{A6C2B3DA-8273-46D0-8F1E-4810DE1953B9}.Debug|x86.ActiveCfg = Debug|Win32
		{A6C2B3DA-8273-46D0-8F1E-4810DE1953B9}.Debug|x86.Build.0 = Debug|Win32
		{A6C2B3DA-8273-46D0-8F1E-4810DE1953B9}.Release|x64.ActiveCfg = Release|x64
		{A6C2B3DA-8273-46D0-8F1E-4810DE1953B9}.Release|x64.Build.0 = Release|x64
		{A6C2B3DA-8273-46D0-8F1E-4810DE1953B9}.Release|x86.ActiveCfg = Release|Win32
		{A6C2B3DA-8273-46D0-8F1E-4810DE1953B9}.Release|x86.Build.0 = Release|Win32
	EndGlobalSection
	GlobalSection(SolutionProperties) = preSolution
		HideSolutionNode = FALSE
	EndGlobalSection
	GlobalSection(ExtensibilityGlobals) = postSolution
		SolutionGuid = {32F0A073-ABC4-4332-A5FA-19B748FCE3B1}
	EndGlobalSection
EndGlobal
